
Microsoft Visual Studio Solution File, Format Version 12.00
# Visual Studio Version 17
VisualStudioVersion = 17.12.35527.113 d17.12
MinimumVisualStudioVersion = 10.0.40219.1
Project("{FAE04EC0-301F-11D3-BF4B-00C04F79EFBC}") = "adonet_example_3", "adonet_example_3\adonet_example_3.csproj", "{E149E6D1-B663-4E3E-B767-BBF1606BF813}"
EndProject
Global
	GlobalSection(SolutionConfigurationPlatforms) = preSolution
		Debug|Any CPU = Debug|Any CPU
		Release|Any CPU = Release|Any CPU
	EndGlobalSection
	GlobalSection(ProjectConfigurationPlatforms) = postSolution
		{E149E6D1-B663-4E3E-B767-BBF1606BF813}.Debug|Any CPU.ActiveCfg = Debug|Any CPU
		{E149E6D1-B663-4E3E-B767-BBF1606BF813}.Debug|Any CPU.Build.0 = Debug|Any CPU
		{E149E6D1-B663-4E3E-B767-BBF1606BF813}.Release|Any CPU.ActiveCfg = Release|Any CPU
		{E149E6D1-B663-4E3E-B767-BBF1606BF813}.Release|Any CPU.Build.0 = Release|Any CPU
	EndGlobalSection
	GlobalSection(SolutionProperties) = preSolution
		HideSolutionNode = FALSE
	EndGlobalSection
EndGlobal
