
Microsoft Visual Studio Solution File, Format Version 12.00
# Visual Studio Version 17
VisualStudioVersion = 17.13.35828.75 d17.13
MinimumVisualStudioVersion = 10.0.40219.1
Project("{FAE04EC0-301F-11D3-BF4B-00C04F79EFBC}") = "EFCore1", "EFCore1\EFCore1.csproj", "{DC5C90D5-6565-4FF7-9782-639FF70B3FF6}"
EndProject
Global
	GlobalSection(SolutionConfigurationPlatforms) = preSolution
		Debug|Any CPU = Debug|Any CPU
		Release|Any CPU = Release|Any CPU
	EndGlobalSection
	GlobalSection(ProjectConfigurationPlatforms) = postSolution
		{DC5C90D5-6565-4FF7-9782-639FF70B3FF6}.Debug|Any CPU.ActiveCfg = Debug|Any CPU
		{DC5C90D5-6565-4FF7-9782-639FF70B3FF6}.Debug|Any CPU.Build.0 = Debug|Any CPU
		{DC5C90D5-6565-4FF7-9782-639FF70B3FF6}.Release|Any CPU.ActiveCfg = Release|Any CPU
		{DC5C90D5-6565-4FF7-9782-639FF70B3FF6}.Release|Any CPU.Build.0 = Release|Any CPU
	EndGlobalSection
	GlobalSection(SolutionProperties) = preSolution
		HideSolutionNode = FALSE
	EndGlobalSection
	GlobalSection(ExtensibilityGlobals) = postSolution
		SolutionGuid = {3E2C16A4-E2A9-4975-B903-2FF21769617A}
	EndGlobalSection
EndGlobal
